version = 1
requires-python = ">=3.11"

[[package]]
name = "fastmcp"
version = "2.0.0"
source = { registry = "https://pypi.org/simple" }
dependencies = [
    { name = "pydantic" },
    { name = "typing-extensions" },
]

[[package]]
name = "fastapi"
version = "0.100.0"
source = { registry = "https://pypi.org/simple" }
dependencies = [
    { name = "pydantic" },
    { name = "starlette" },
    { name = "typing-extensions" },
]

[[package]]
name = "uvicorn"
version = "0.23.0"
source = { registry = "https://pypi.org/simple" }
dependencies = [
    { name = "click" },
    { name = "h11" },
    { name = "typing-extensions" },
]

[[package]]
name = "pydantic"
version = "2.0.0"
source = { registry = "https://pypi.org/simple" }
dependencies = [
    { name = "pydantic-core" },
    { name = "typing-extensions" },
]

[[package]]
name = "python-multipart"
version = "0.0.6"
source = { registry = "https://pypi.org/simple" }

[[package]]
name = "starlette"
version = "0.27.0"
source = { registry = "https://pypi.org/simple" }
dependencies = [
    { name = "anyio" },
]

[[package]]
name = "pydantic-core"
version = "2.0.0"
source = { registry = "https://pypi.org/simple" }

[[package]]
name = "typing-extensions"
version = "4.7.0"
source = { registry = "https://pypi.org/simple" }

[[package]]
name = "click"
version = "8.1.0"
source = { registry = "https://pypi.org/simple" }

[[package]]
name = "h11"
version = "0.14.0"
source = { registry = "https://pypi.org/simple" }

[[package]]
name = "anyio"
version = "3.7.0"
source = { registry = "https://pypi.org/simple" }

[[package]]
name = "clash-royale-mcp-server"
version = "0.1.0"
source = { editable = "." }
dependencies = [
    { name = "fastmcp" },
    { name = "fastapi" },
    { name = "uvicorn" },
    { name = "pydantic" },
    { name = "python-multipart" },
]